
Microsoft Visual Studio Solution File, Format Version 12.00
# Visual Studio Version 16
VisualStudioVersion = 16.0.29728.190
MinimumVisualStudioVersion = 10.0.40219.1
Project("{FAE04EC0-301F-11D3-BF4B-00C04F79EFBC}") = "ReactPeopleCar.Web", "ReactPeopleCar.Web\ReactPeopleCar.Web.csproj", "{28E4D921-B122-40EF-ADEC-1D0F8090B695}"
EndProject
Project("{FAE04EC0-301F-11D3-BF4B-00C04F79EFBC}") = "ReactPeopleCar.Data", "ReactPeopleCar.Data\ReactPeopleCar.Data.csproj", "{8D5D77F7-5C80-4AB8-A6AF-C1676159293C}"
EndProject
Global
	GlobalSection(SolutionConfigurationPlatforms) = preSolution
		Debug|Any CPU = Debug|Any CPU
		Release|Any CPU = Release|Any CPU
	EndGlobalSection
	GlobalSection(ProjectConfigurationPlatforms) = postSolution
		{28E4D921-B122-40EF-ADEC-1D0F8090B695}.Debug|Any CPU.ActiveCfg = Debug|Any CPU
		{28E4D921-B122-40EF-ADEC-1D0F8090B695}.Debug|Any CPU.Build.0 = Debug|Any CPU
		{28E4D921-B122-40EF-ADEC-1D0F8090B695}.Release|Any CPU.ActiveCfg = Release|Any CPU
		{28E4D921-B122-40EF-ADEC-1D0F8090B695}.Release|Any CPU.Build.0 = Release|Any CPU
		{8D5D77F7-5C80-4AB8-A6AF-C1676159293C}.Debug|Any CPU.ActiveCfg = Debug|Any CPU
		{8D5D77F7-5C80-4AB8-A6AF-C1676159293C}.Debug|Any CPU.Build.0 = Debug|Any CPU
		{8D5D77F7-5C80-4AB8-A6AF-C1676159293C}.Release|Any CPU.ActiveCfg = Release|Any CPU
		{8D5D77F7-5C80-4AB8-A6AF-C1676159293C}.Release|Any CPU.Build.0 = Release|Any CPU
	EndGlobalSection
	GlobalSection(SolutionProperties) = preSolution
		HideSolutionNode = FALSE
	EndGlobalSection
	GlobalSection(ExtensibilityGlobals) = postSolution
		SolutionGuid = {8B940998-DD8C-485F-A029-0388FBD87630}
	EndGlobalSection
EndGlobal
